{
  "name": "video_call",
  "version": "1.0.0",
  "lockfileVersion": 2,
  "requires": true,
  "packages": {
    "": {
      "name": "video_call",
      "version": "1.0.0",
      "license": "ISC",
      "dependencies": {
        "agora-chat": "^1.0.6"
      }
    },
    "node_modules/agora-chat": {
      "version": "1.0.6",
      "resolved": "https://registry.npmjs.org/agora-chat/-/agora-chat-1.0.6.tgz",
      "integrity": "sha512-477rxA5j21ZoOa2jdnVob2cjP5xruTgjFa8rUXwzFJVbwJvsesXTFcU2OTbnjTKcB0Gshx7nr1G/2oEJSmUkTA=="
    }
  },
  "dependencies": {
    "agora-chat": {
      "version": "1.0.6",
      "resolved": "https://registry.npmjs.org/agora-chat/-/agora-chat-1.0.6.tgz",
      "integrity": "sha512-477rxA5j21ZoOa2jdnVob2cjP5xruTgjFa8rUXwzFJVbwJvsesXTFcU2OTbnjTKcB0Gshx7nr1G/2oEJSmUkTA=="
    }
  }
}
